
Microsoft Visual Studio Solution File, Format Version 12.00
# Visual Studio Version 16
VisualStudioVersion = 16.0.31112.23
MinimumVisualStudioVersion = 10.0.40219.1
Project("{FAE04EC0-301F-11D3-BF4B-00C04F79EFBC}") = "Fitnesspoint", "Fitnesspoint.csproj", "{31337D28-D1FD-4CC1-8B1C-97C622C374EA}"
EndProject
Project("{FAE04EC0-301F-11D3-BF4B-00C04F79EFBC}") = "Fitnesspoint.Db", "..\Fitnesspoint.Db\Fitnesspoint.Db.csproj", "{AD77A6D3-0DEE-4C46-B610-0AFA7FF36F16}"
EndProject
Project("{FAE04EC0-301F-11D3-BF4B-00C04F79EFBC}") = "Fitnesspoint.Models", "..\Fitnesspoint.Models\Fitnesspoint.Models.csproj", "{C7CCA970-A405-4646-AB70-D530B0888D23}"
EndProject
Project("{00D1A9C2-B5F0-4AF3-8072-F6C62B433612}") = "FitnesspointDatabase", "..\FitnesspointDatabase\FitnesspointDatabase.sqlproj", "{C155831D-9F52-476F-A7F8-95E5E91BCFDA}"
EndProject
Global
	GlobalSection(SolutionConfigurationPlatforms) = preSolution
		Debug|Any CPU = Debug|Any CPU
		Release|Any CPU = Release|Any CPU
	EndGlobalSection
	GlobalSection(ProjectConfigurationPlatforms) = postSolution
		{31337D28-D1FD-4CC1-8B1C-97C622C374EA}.Debug|Any CPU.ActiveCfg = Debug|Any CPU
		{31337D28-D1FD-4CC1-8B1C-97C622C374EA}.Debug|Any CPU.Build.0 = Debug|Any CPU
		{31337D28-D1FD-4CC1-8B1C-97C622C374EA}.Release|Any CPU.ActiveCfg = Release|Any CPU
		{31337D28-D1FD-4CC1-8B1C-97C622C374EA}.Release|Any CPU.Build.0 = Release|Any CPU
		{AD77A6D3-0DEE-4C46-B610-0AFA7FF36F16}.Debug|Any CPU.ActiveCfg = Debug|Any CPU
		{AD77A6D3-0DEE-4C46-B610-0AFA7FF36F16}.Debug|Any CPU.Build.0 = Debug|Any CPU
		{AD77A6D3-0DEE-4C46-B610-0AFA7FF36F16}.Release|Any CPU.ActiveCfg = Release|Any CPU
		{AD77A6D3-0DEE-4C46-B610-0AFA7FF36F16}.Release|Any CPU.Build.0 = Release|Any CPU
		{C7CCA970-A405-4646-AB70-D530B0888D23}.Debug|Any CPU.ActiveCfg = Debug|Any CPU
		{C7CCA970-A405-4646-AB70-D530B0888D23}.Debug|Any CPU.Build.0 = Debug|Any CPU
		{C7CCA970-A405-4646-AB70-D530B0888D23}.Release|Any CPU.ActiveCfg = Release|Any CPU
		{C7CCA970-A405-4646-AB70-D530B0888D23}.Release|Any CPU.Build.0 = Release|Any CPU
		{C155831D-9F52-476F-A7F8-95E5E91BCFDA}.Debug|Any CPU.ActiveCfg = Debug|Any CPU
		{C155831D-9F52-476F-A7F8-95E5E91BCFDA}.Debug|Any CPU.Build.0 = Debug|Any CPU
		{C155831D-9F52-476F-A7F8-95E5E91BCFDA}.Debug|Any CPU.Deploy.0 = Debug|Any CPU
		{C155831D-9F52-476F-A7F8-95E5E91BCFDA}.Release|Any CPU.ActiveCfg = Release|Any CPU
		{C155831D-9F52-476F-A7F8-95E5E91BCFDA}.Release|Any CPU.Build.0 = Release|Any CPU
		{C155831D-9F52-476F-A7F8-95E5E91BCFDA}.Release|Any CPU.Deploy.0 = Release|Any CPU
	EndGlobalSection
	GlobalSection(SolutionProperties) = preSolution
		HideSolutionNode = FALSE
	EndGlobalSection
	GlobalSection(ExtensibilityGlobals) = postSolution
		SolutionGuid = {88F01286-CB0A-47C2-98A5-8C13693B8518}
	EndGlobalSection
EndGlobal
